
Microsoft Visual Studio Solution File, Format Version 12.00
# Visual Studio 2013
VisualStudioVersion = 12.0.21005.1
MinimumVisualStudioVersion = 10.0.40219.1
Project("{FAE04EC0-301F-11D3-BF4B-00C04F79EFBC}") = "CrossPlatformInVS.Portable", "CrossPlatformInVS.Portable\CrossPlatformInVS.Portable.csproj", "{F828D185-9051-4469-A42A-0C551074FD19}"
EndProject
Project("{FAE04EC0-301F-11D3-BF4B-00C04F79EFBC}") = "CrossPlatformInVS.Droid", "CrossPlatformInVS.Droid\CrossPlatformInVS.Droid.csproj", "{5377239E-9D55-4879-8BE7-96CA7C7A3C39}"
EndProject
Project("{FAE04EC0-301F-11D3-BF4B-00C04F79EFBC}") = "CrossPlatformInVS.iOS", "CrossPlatformInVS.Touch\CrossPlatformInVS.iOS.csproj", "{065F74E0-F0AB-4006-BBA1-EFCC7A585ACF}"
EndProject
Project("{FAE04EC0-301F-11D3-BF4B-00C04F79EFBC}") = "CrossPlatformInVS.WinPhone", "CrossPlatformInVS.Phone\CrossPlatformInVS.WinPhone.csproj", "{7FB441C1-B1A9-4694-B507-49A36685D560}"
EndProject
Project("{FAE04EC0-301F-11D3-BF4B-00C04F79EFBC}") = "CrossPlatformInVS.WinStore", "CrossPlatformInVS.Store\CrossPlatformInVS.WinStore.csproj", "{FEAAF6D2-BC24-4BA2-8F30-0CE726F1F82E}"
EndProject
Global
	GlobalSection(SolutionConfigurationPlatforms) = preSolution
		Ad-Hoc|Any CPU = Ad-Hoc|Any CPU
		Ad-Hoc|ARM = Ad-Hoc|ARM
		Ad-Hoc|iPhone = Ad-Hoc|iPhone
		Ad-Hoc|iPhoneSimulator = Ad-Hoc|iPhoneSimulator
		Ad-Hoc|Mixed Platforms = Ad-Hoc|Mixed Platforms
		Ad-Hoc|x64 = Ad-Hoc|x64
		Ad-Hoc|x86 = Ad-Hoc|x86
		AppStore|Any CPU = AppStore|Any CPU
		AppStore|ARM = AppStore|ARM
		AppStore|iPhone = AppStore|iPhone
		AppStore|iPhoneSimulator = AppStore|iPhoneSimulator
		AppStore|Mixed Platforms = AppStore|Mixed Platforms
		AppStore|x64 = AppStore|x64
		AppStore|x86 = AppStore|x86
		Debug|Any CPU = Debug|Any CPU
		Debug|ARM = Debug|ARM
		Debug|iPhone = Debug|iPhone
		Debug|iPhoneSimulator = Debug|iPhoneSimulator
		Debug|Mixed Platforms = Debug|Mixed Platforms
		Debug|x64 = Debug|x64
		Debug|x86 = Debug|x86
		Release|Any CPU = Release|Any CPU
		Release|ARM = Release|ARM
		Release|iPhone = Release|iPhone
		Release|iPhoneSimulator = Release|iPhoneSimulator
		Release|Mixed Platforms = Release|Mixed Platforms
		Release|x64 = Release|x64
		Release|x86 = Release|x86
	EndGlobalSection
	GlobalSection(ProjectConfigurationPlatforms) = postSolution
		{F828D185-9051-4469-A42A-0C551074FD19}.Ad-Hoc|Any CPU.ActiveCfg = Release|Any CPU
		{F828D185-9051-4469-A42A-0C551074FD19}.Ad-Hoc|Any CPU.Build.0 = Release|Any CPU
		{F828D185-9051-4469-A42A-0C551074FD19}.Ad-Hoc|ARM.ActiveCfg = Release|Any CPU
		{F828D185-9051-4469-A42A-0C551074FD19}.Ad-Hoc|iPhone.ActiveCfg = Release|Any CPU
		{F828D185-9051-4469-A42A-0C551074FD19}.Ad-Hoc|iPhoneSimulator.ActiveCfg = Release|Any CPU
		{F828D185-9051-4469-A42A-0C551074FD19}.Ad-Hoc|Mixed Platforms.ActiveCfg = Release|Any CPU
		{F828D185-9051-4469-A42A-0C551074FD19}.Ad-Hoc|Mixed Platforms.Build.0 = Release|Any CPU
		{F828D185-9051-4469-A42A-0C551074FD19}.Ad-Hoc|x64.ActiveCfg = Release|Any CPU
		{F828D185-9051-4469-A42A-0C551074FD19}.Ad-Hoc|x86.ActiveCfg = Release|Any CPU
		{F828D185-9051-4469-A42A-0C551074FD19}.AppStore|Any CPU.ActiveCfg = Release|Any CPU
		{F828D185-9051-4469-A42A-0C551074FD19}.AppStore|Any CPU.Build.0 = Release|Any CPU
		{F828D185-9051-4469-A42A-0C551074FD19}.AppStore|ARM.ActiveCfg = Release|Any CPU
		{F828D185-9051-4469-A42A-0C551074FD19}.AppStore|iPhone.ActiveCfg = Release|Any CPU
		{F828D185-9051-4469-A42A-0C551074FD19}.AppStore|iPhoneSimulator.ActiveCfg = Release|Any CPU
		{F828D185-9051-4469-A42A-0C551074FD19}.AppStore|Mixed Platforms.ActiveCfg = Release|Any CPU
		{F828D185-9051-4469-A42A-0C551074FD19}.AppStore|Mixed Platforms.Build.0 = Release|Any CPU
		{F828D185-9051-4469-A42A-0C551074FD19}.AppStore|x64.ActiveCfg = Release|Any CPU
		{F828D185-9051-4469-A42A-0C551074FD19}.AppStore|x86.ActiveCfg = Release|Any CPU
		{F828D185-9051-4469-A42A-0C551074FD19}.Debug|Any CPU.ActiveCfg = Debug|Any CPU
		{F828D185-9051-4469-A42A-0C551074FD19}.Debug|Any CPU.Build.0 = Debug|Any CPU
		{F828D185-9051-4469-A42A-0C551074FD19}.Debug|ARM.ActiveCfg = Debug|Any CPU
		{F828D185-9051-4469-A42A-0C551074FD19}.Debug|iPhone.ActiveCfg = Debug|Any CPU
		{F828D185-9051-4469-A42A-0C551074FD19}.Debug|iPhoneSimulator.ActiveCfg = Debug|Any CPU
		{F828D185-9051-4469-A42A-0C551074FD19}.Debug|Mixed Platforms.ActiveCfg = Debug|Any CPU
		{F828D185-9051-4469-A42A-0C551074FD19}.Debug|Mixed Platforms.Build.0 = Debug|Any CPU
		{F828D185-9051-4469-A42A-0C551074FD19}.Debug|x64.ActiveCfg = Debug|Any CPU
		{F828D185-9051-4469-A42A-0C551074FD19}.Debug|x86.ActiveCfg = Debug|Any CPU
		{F828D185-9051-4469-A42A-0C551074FD19}.Release|Any CPU.ActiveCfg = Release|Any CPU
		{F828D185-9051-4469-A42A-0C551074FD19}.Release|Any CPU.Build.0 = Release|Any CPU
		{F828D185-9051-4469-A42A-0C551074FD19}.Release|ARM.ActiveCfg = Release|Any CPU
		{F828D185-9051-4469-A42A-0C551074FD19}.Release|iPhone.ActiveCfg = Release|Any CPU
		{F828D185-9051-4469-A42A-0C551074FD19}.Release|iPhoneSimulator.ActiveCfg = Release|Any CPU
		{F828D185-9051-4469-A42A-0C551074FD19}.Release|Mixed Platforms.ActiveCfg = Release|Any CPU
		{F828D185-9051-4469-A42A-0C551074FD19}.Release|Mixed Platforms.Build.0 = Release|Any CPU
		{F828D185-9051-4469-A42A-0C551074FD19}.Release|x64.ActiveCfg = Release|Any CPU
		{F828D185-9051-4469-A42A-0C551074FD19}.Release|x86.ActiveCfg = Release|Any CPU
		{5377239E-9D55-4879-8BE7-96CA7C7A3C39}.Ad-Hoc|Any CPU.ActiveCfg = Release|Any CPU
		{5377239E-9D55-4879-8BE7-96CA7C7A3C39}.Ad-Hoc|Any CPU.Build.0 = Release|Any CPU
		{5377239E-9D55-4879-8BE7-96CA7C7A3C39}.Ad-Hoc|Any CPU.Deploy.0 = Release|Any CPU
		{5377239E-9D55-4879-8BE7-96CA7C7A3C39}.Ad-Hoc|ARM.ActiveCfg = Release|Any CPU
		{5377239E-9D55-4879-8BE7-96CA7C7A3C39}.Ad-Hoc|iPhone.ActiveCfg = Release|Any CPU
		{5377239E-9D55-4879-8BE7-96CA7C7A3C39}.Ad-Hoc|iPhoneSimulator.ActiveCfg = Release|Any CPU
		{5377239E-9D55-4879-8BE7-96CA7C7A3C39}.Ad-Hoc|Mixed Platforms.ActiveCfg = Release|Any CPU
		{5377239E-9D55-4879-8BE7-96CA7C7A3C39}.Ad-Hoc|Mixed Platforms.Build.0 = Release|Any CPU
		{5377239E-9D55-4879-8BE7-96CA7C7A3C39}.Ad-Hoc|Mixed Platforms.Deploy.0 = Release|Any CPU
		{5377239E-9D55-4879-8BE7-96CA7C7A3C39}.Ad-Hoc|x64.ActiveCfg = Release|Any CPU
		{5377239E-9D55-4879-8BE7-96CA7C7A3C39}.Ad-Hoc|x86.ActiveCfg = Release|Any CPU
		{5377239E-9D55-4879-8BE7-96CA7C7A3C39}.AppStore|Any CPU.ActiveCfg = Release|Any CPU
		{5377239E-9D55-4879-8BE7-96CA7C7A3C39}.AppStore|Any CPU.Build.0 = Release|Any CPU
		{5377239E-9D55-4879-8BE7-96CA7C7A3C39}.AppStore|Any CPU.Deploy.0 = Release|Any CPU
		{5377239E-9D55-4879-8BE7-96CA7C7A3C39}.AppStore|ARM.ActiveCfg = Release|Any CPU
		{5377239E-9D55-4879-8BE7-96CA7C7A3C39}.AppStore|iPhone.ActiveCfg = Release|Any CPU
		{5377239E-9D55-4879-8BE7-96CA7C7A3C39}.AppStore|iPhoneSimulator.ActiveCfg = Release|Any CPU
		{5377239E-9D55-4879-8BE7-96CA7C7A3C39}.AppStore|Mixed Platforms.ActiveCfg = Release|Any CPU
		{5377239E-9D55-4879-8BE7-96CA7C7A3C39}.AppStore|Mixed Platforms.Build.0 = Release|Any CPU
		{5377239E-9D55-4879-8BE7-96CA7C7A3C39}.AppStore|Mixed Platforms.Deploy.0 = Release|Any CPU
		{5377239E-9D55-4879-8BE7-96CA7C7A3C39}.AppStore|x64.ActiveCfg = Release|Any CPU
		{5377239E-9D55-4879-8BE7-96CA7C7A3C39}.AppStore|x86.ActiveCfg = Release|Any CPU
		{5377239E-9D55-4879-8BE7-96CA7C7A3C39}.Debug|Any CPU.ActiveCfg = Debug|Any CPU
		{5377239E-9D55-4879-8BE7-96CA7C7A3C39}.Debug|Any CPU.Build.0 = Debug|Any CPU
		{5377239E-9D55-4879-8BE7-96CA7C7A3C39}.Debug|Any CPU.Deploy.0 = Debug|Any CPU
		{5377239E-9D55-4879-8BE7-96CA7C7A3C39}.Debug|ARM.ActiveCfg = Debug|Any CPU
		{5377239E-9D55-4879-8BE7-96CA7C7A3C39}.Debug|iPhone.ActiveCfg = Debug|Any CPU
		{5377239E-9D55-4879-8BE7-96CA7C7A3C39}.Debug|iPhoneSimulator.ActiveCfg = Debug|Any CPU
		{5377239E-9D55-4879-8BE7-96CA7C7A3C39}.Debug|Mixed Platforms.ActiveCfg = Debug|Any CPU
		{5377239E-9D55-4879-8BE7-96CA7C7A3C39}.Debug|Mixed Platforms.Build.0 = Debug|Any CPU
		{5377239E-9D55-4879-8BE7-96CA7C7A3C39}.Debug|Mixed Platforms.Deploy.0 = Debug|Any CPU
		{5377239E-9D55-4879-8BE7-96CA7C7A3C39}.Debug|x64.ActiveCfg = Debug|Any CPU
		{5377239E-9D55-4879-8BE7-96CA7C7A3C39}.Debug|x86.ActiveCfg = Debug|Any CPU
		{5377239E-9D55-4879-8BE7-96CA7C7A3C39}.Release|Any CPU.ActiveCfg = Release|Any CPU
		{5377239E-9D55-4879-8BE7-96CA7C7A3C39}.Release|Any CPU.Build.0 = Release|Any CPU
		{5377239E-9D55-4879-8BE7-96CA7C7A3C39}.Release|Any CPU.Deploy.0 = Release|Any CPU
		{5377239E-9D55-4879-8BE7-96CA7C7A3C39}.Release|ARM.ActiveCfg = Release|Any CPU
		{5377239E-9D55-4879-8BE7-96CA7C7A3C39}.Release|iPhone.ActiveCfg = Release|Any CPU
		{5377239E-9D55-4879-8BE7-96CA7C7A3C39}.Release|iPhoneSimulator.ActiveCfg = Release|Any CPU
		{5377239E-9D55-4879-8BE7-96CA7C7A3C39}.Release|Mixed Platforms.ActiveCfg = Release|Any CPU
		{5377239E-9D55-4879-8BE7-96CA7C7A3C39}.Release|Mixed Platforms.Build.0 = Release|Any CPU
		{5377239E-9D55-4879-8BE7-96CA7C7A3C39}.Release|Mixed Platforms.Deploy.0 = Release|Any CPU
		{5377239E-9D55-4879-8BE7-96CA7C7A3C39}.Release|x64.ActiveCfg = Release|Any CPU
		{5377239E-9D55-4879-8BE7-96CA7C7A3C39}.Release|x86.ActiveCfg = Release|Any CPU
		{065F74E0-F0AB-4006-BBA1-EFCC7A585ACF}.Ad-Hoc|Any CPU.ActiveCfg = Ad-Hoc|iPhone
		{065F74E0-F0AB-4006-BBA1-EFCC7A585ACF}.Ad-Hoc|ARM.ActiveCfg = Ad-Hoc|iPhone
		{065F74E0-F0AB-4006-BBA1-EFCC7A585ACF}.Ad-Hoc|iPhone.ActiveCfg = Ad-Hoc|iPhone
		{065F74E0-F0AB-4006-BBA1-EFCC7A585ACF}.Ad-Hoc|iPhone.Build.0 = Ad-Hoc|iPhone
		{065F74E0-F0AB-4006-BBA1-EFCC7A585ACF}.Ad-Hoc|iPhoneSimulator.ActiveCfg = Ad-Hoc|iPhoneSimulator
		{065F74E0-F0AB-4006-BBA1-EFCC7A585ACF}.Ad-Hoc|iPhoneSimulator.Build.0 = Ad-Hoc|iPhoneSimulator
		{065F74E0-F0AB-4006-BBA1-EFCC7A585ACF}.Ad-Hoc|Mixed Platforms.ActiveCfg = Ad-Hoc|iPhone
		{065F74E0-F0AB-4006-BBA1-EFCC7A585ACF}.Ad-Hoc|Mixed Platforms.Build.0 = Ad-Hoc|iPhone
		{065F74E0-F0AB-4006-BBA1-EFCC7A585ACF}.Ad-Hoc|x64.ActiveCfg = Ad-Hoc|iPhone
		{065F74E0-F0AB-4006-BBA1-EFCC7A585ACF}.Ad-Hoc|x86.ActiveCfg = Ad-Hoc|iPhone
		{065F74E0-F0AB-4006-BBA1-EFCC7A585ACF}.AppStore|Any CPU.ActiveCfg = AppStore|iPhone
		{065F74E0-F0AB-4006-BBA1-EFCC7A585ACF}.AppStore|ARM.ActiveCfg = AppStore|iPhone
		{065F74E0-F0AB-4006-BBA1-EFCC7A585ACF}.AppStore|iPhone.ActiveCfg = AppStore|iPhone
		{065F74E0-F0AB-4006-BBA1-EFCC7A585ACF}.AppStore|iPhone.Build.0 = AppStore|iPhone
		{065F74E0-F0AB-4006-BBA1-EFCC7A585ACF}.AppStore|iPhoneSimulator.ActiveCfg = AppStore|iPhoneSimulator
		{065F74E0-F0AB-4006-BBA1-EFCC7A585ACF}.AppStore|iPhoneSimulator.Build.0 = AppStore|iPhoneSimulator
		{065F74E0-F0AB-4006-BBA1-EFCC7A585ACF}.AppStore|Mixed Platforms.ActiveCfg = AppStore|iPhone
		{065F74E0-F0AB-4006-BBA1-EFCC7A585ACF}.AppStore|Mixed Platforms.Build.0 = AppStore|iPhone
		{065F74E0-F0AB-4006-BBA1-EFCC7A585ACF}.AppStore|x64.ActiveCfg = AppStore|iPhone
		{065F74E0-F0AB-4006-BBA1-EFCC7A585ACF}.AppStore|x86.ActiveCfg = AppStore|iPhone
		{065F74E0-F0AB-4006-BBA1-EFCC7A585ACF}.Debug|Any CPU.ActiveCfg = Debug|iPhone
		{065F74E0-F0AB-4006-BBA1-EFCC7A585ACF}.Debug|ARM.ActiveCfg = Debug|iPhone
		{065F74E0-F0AB-4006-BBA1-EFCC7A585ACF}.Debug|iPhone.ActiveCfg = Debug|iPhone
		{065F74E0-F0AB-4006-BBA1-EFCC7A585ACF}.Debug|iPhone.Build.0 = Debug|iPhone
		{065F74E0-F0AB-4006-BBA1-EFCC7A585ACF}.Debug|iPhoneSimulator.ActiveCfg = Debug|iPhoneSimulator
		{065F74E0-F0AB-4006-BBA1-EFCC7A585ACF}.Debug|iPhoneSimulator.Build.0 = Debug|iPhoneSimulator
		{065F74E0-F0AB-4006-BBA1-EFCC7A585ACF}.Debug|Mixed Platforms.ActiveCfg = Debug|iPhone
		{065F74E0-F0AB-4006-BBA1-EFCC7A585ACF}.Debug|Mixed Platforms.Build.0 = Debug|iPhone
		{065F74E0-F0AB-4006-BBA1-EFCC7A585ACF}.Debug|x64.ActiveCfg = Debug|iPhone
		{065F74E0-F0AB-4006-BBA1-EFCC7A585ACF}.Debug|x86.ActiveCfg = Debug|iPhone
		{065F74E0-F0AB-4006-BBA1-EFCC7A585ACF}.Release|Any CPU.ActiveCfg = Release|iPhone
		{065F74E0-F0AB-4006-BBA1-EFCC7A585ACF}.Release|ARM.ActiveCfg = Release|iPhone
		{065F74E0-F0AB-4006-BBA1-EFCC7A585ACF}.Release|iPhone.ActiveCfg = Release|iPhone
		{065F74E0-F0AB-4006-BBA1-EFCC7A585ACF}.Release|iPhone.Build.0 = Release|iPhone
		{065F74E0-F0AB-4006-BBA1-EFCC7A585ACF}.Release|iPhoneSimulator.ActiveCfg = Release|iPhoneSimulator
		{065F74E0-F0AB-4006-BBA1-EFCC7A585ACF}.Release|iPhoneSimulator.Build.0 = Release|iPhoneSimulator
		{065F74E0-F0AB-4006-BBA1-EFCC7A585ACF}.Release|Mixed Platforms.ActiveCfg = Release|iPhone
		{065F74E0-F0AB-4006-BBA1-EFCC7A585ACF}.Release|Mixed Platforms.Build.0 = Release|iPhone
		{065F74E0-F0AB-4006-BBA1-EFCC7A585ACF}.Release|x64.ActiveCfg = Release|iPhone
		{065F74E0-F0AB-4006-BBA1-EFCC7A585ACF}.Release|x86.ActiveCfg = Release|iPhone
		{7FB441C1-B1A9-4694-B507-49A36685D560}.Ad-Hoc|Any CPU.ActiveCfg = Release|Any CPU
		{7FB441C1-B1A9-4694-B507-49A36685D560}.Ad-Hoc|Any CPU.Build.0 = Release|Any CPU
		{7FB441C1-B1A9-4694-B507-49A36685D560}.Ad-Hoc|Any CPU.Deploy.0 = Release|Any CPU
		{7FB441C1-B1A9-4694-B507-49A36685D560}.Ad-Hoc|ARM.ActiveCfg = Release|ARM
		{7FB441C1-B1A9-4694-B507-49A36685D560}.Ad-Hoc|ARM.Build.0 = Release|ARM
		{7FB441C1-B1A9-4694-B507-49A36685D560}.Ad-Hoc|ARM.Deploy.0 = Release|ARM
		{7FB441C1-B1A9-4694-B507-49A36685D560}.Ad-Hoc|iPhone.ActiveCfg = Release|Any CPU
		{7FB441C1-B1A9-4694-B507-49A36685D560}.Ad-Hoc|iPhoneSimulator.ActiveCfg = Release|Any CPU
		{7FB441C1-B1A9-4694-B507-49A36685D560}.Ad-Hoc|Mixed Platforms.ActiveCfg = Release|x86
		{7FB441C1-B1A9-4694-B507-49A36685D560}.Ad-Hoc|Mixed Platforms.Build.0 = Release|x86
		{7FB441C1-B1A9-4694-B507-49A36685D560}.Ad-Hoc|Mixed Platforms.Deploy.0 = Release|x86
		{7FB441C1-B1A9-4694-B507-49A36685D560}.Ad-Hoc|x64.ActiveCfg = Release|Any CPU
		{7FB441C1-B1A9-4694-B507-49A36685D560}.Ad-Hoc|x86.ActiveCfg = Release|x86
		{7FB441C1-B1A9-4694-B507-49A36685D560}.Ad-Hoc|x86.Build.0 = Release|x86
		{7FB441C1-B1A9-4694-B507-49A36685D560}.Ad-Hoc|x86.Deploy.0 = Release|x86
		{7FB441C1-B1A9-4694-B507-49A36685D560}.AppStore|Any CPU.ActiveCfg = Release|Any CPU
		{7FB441C1-B1A9-4694-B507-49A36685D560}.AppStore|Any CPU.Build.0 = Release|Any CPU
		{7FB441C1-B1A9-4694-B507-49A36685D560}.AppStore|Any CPU.Deploy.0 = Release|Any CPU
		{7FB441C1-B1A9-4694-B507-49A36685D560}.AppStore|ARM.ActiveCfg = Release|ARM
		{7FB441C1-B1A9-4694-B507-49A36685D560}.AppStore|ARM.Build.0 = Release|ARM
		{7FB441C1-B1A9-4694-B507-49A36685D560}.AppStore|ARM.Deploy.0 = Release|ARM
		{7FB441C1-B1A9-4694-B507-49A36685D560}.AppStore|iPhone.ActiveCfg = Release|Any CPU
		{7FB441C1-B1A9-4694-B507-49A36685D560}.AppStore|iPhoneSimulator.ActiveCfg = Release|Any CPU
		{7FB441C1-B1A9-4694-B507-49A36685D560}.AppStore|Mixed Platforms.ActiveCfg = Release|x86
		{7FB441C1-B1A9-4694-B507-49A36685D560}.AppStore|Mixed Platforms.Build.0 = Release|x86
		{7FB441C1-B1A9-4694-B507-49A36685D560}.AppStore|Mixed Platforms.Deploy.0 = Release|x86
		{7FB441C1-B1A9-4694-B507-49A36685D560}.AppStore|x64.ActiveCfg = Release|Any CPU
		{7FB441C1-B1A9-4694-B507-49A36685D560}.AppStore|x86.ActiveCfg = Release|x86
		{7FB441C1-B1A9-4694-B507-49A36685D560}.AppStore|x86.Build.0 = Release|x86
		{7FB441C1-B1A9-4694-B507-49A36685D560}.AppStore|x86.Deploy.0 = Release|x86
		{7FB441C1-B1A9-4694-B507-49A36685D560}.Debug|Any CPU.ActiveCfg = Debug|Any CPU
		{7FB441C1-B1A9-4694-B507-49A36685D560}.Debug|Any CPU.Build.0 = Debug|Any CPU
		{7FB441C1-B1A9-4694-B507-49A36685D560}.Debug|Any CPU.Deploy.0 = Debug|Any CPU
		{7FB441C1-B1A9-4694-B507-49A36685D560}.Debug|ARM.ActiveCfg = Debug|ARM
		{7FB441C1-B1A9-4694-B507-49A36685D560}.Debug|ARM.Build.0 = Debug|ARM
		{7FB441C1-B1A9-4694-B507-49A36685D560}.Debug|ARM.Deploy.0 = Debug|ARM
		{7FB441C1-B1A9-4694-B507-49A36685D560}.Debug|iPhone.ActiveCfg = Debug|Any CPU
		{7FB441C1-B1A9-4694-B507-49A36685D560}.Debug|iPhoneSimulator.ActiveCfg = Debug|Any CPU
		{7FB441C1-B1A9-4694-B507-49A36685D560}.Debug|Mixed Platforms.ActiveCfg = Debug|x86
		{7FB441C1-B1A9-4694-B507-49A36685D560}.Debug|Mixed Platforms.Build.0 = Debug|x86
		{7FB441C1-B1A9-4694-B507-49A36685D560}.Debug|Mixed Platforms.Deploy.0 = Debug|x86
		{7FB441C1-B1A9-4694-B507-49A36685D560}.Debug|x64.ActiveCfg = Debug|Any CPU
		{7FB441C1-B1A9-4694-B507-49A36685D560}.Debug|x86.ActiveCfg = Debug|x86
		{7FB441C1-B1A9-4694-B507-49A36685D560}.Debug|x86.Build.0 = Debug|x86
		{7FB441C1-B1A9-4694-B507-49A36685D560}.Debug|x86.Deploy.0 = Debug|x86
		{7FB441C1-B1A9-4694-B507-49A36685D560}.Release|Any CPU.ActiveCfg = Release|Any CPU
		{7FB441C1-B1A9-4694-B507-49A36685D560}.Release|Any CPU.Build.0 = Release|Any CPU
		{7FB441C1-B1A9-4694-B507-49A36685D560}.Release|Any CPU.Deploy.0 = Release|Any CPU
		{7FB441C1-B1A9-4694-B507-49A36685D560}.Release|ARM.ActiveCfg = Release|ARM
		{7FB441C1-B1A9-4694-B507-49A36685D560}.Release|ARM.Build.0 = Release|ARM
		{7FB441C1-B1A9-4694-B507-49A36685D560}.Release|ARM.Deploy.0 = Release|ARM
		{7FB441C1-B1A9-4694-B507-49A36685D560}.Release|iPhone.ActiveCfg = Release|Any CPU
		{7FB441C1-B1A9-4694-B507-49A36685D560}.Release|iPhoneSimulator.ActiveCfg = Release|Any CPU
		{7FB441C1-B1A9-4694-B507-49A36685D560}.Release|Mixed Platforms.ActiveCfg = Release|x86
		{7FB441C1-B1A9-4694-B507-49A36685D560}.Release|Mixed Platforms.Build.0 = Release|x86
		{7FB441C1-B1A9-4694-B507-49A36685D560}.Release|Mixed Platforms.Deploy.0 = Release|x86
		{7FB441C1-B1A9-4694-B507-49A36685D560}.Release|x64.ActiveCfg = Release|Any CPU
		{7FB441C1-B1A9-4694-B507-49A36685D560}.Release|x86.ActiveCfg = Release|x86
		{7FB441C1-B1A9-4694-B507-49A36685D560}.Release|x86.Build.0 = Release|x86
		{7FB441C1-B1A9-4694-B507-49A36685D560}.Release|x86.Deploy.0 = Release|x86
		{FEAAF6D2-BC24-4BA2-8F30-0CE726F1F82E}.Ad-Hoc|Any CPU.ActiveCfg = Release|Any CPU
		{FEAAF6D2-BC24-4BA2-8F30-0CE726F1F82E}.Ad-Hoc|Any CPU.Build.0 = Release|Any CPU
		{FEAAF6D2-BC24-4BA2-8F30-0CE726F1F82E}.Ad-Hoc|Any CPU.Deploy.0 = Release|Any CPU
		{FEAAF6D2-BC24-4BA2-8F30-0CE726F1F82E}.Ad-Hoc|ARM.ActiveCfg = Release|ARM
		{FEAAF6D2-BC24-4BA2-8F30-0CE726F1F82E}.Ad-Hoc|ARM.Build.0 = Release|ARM
		{FEAAF6D2-BC24-4BA2-8F30-0CE726F1F82E}.Ad-Hoc|ARM.Deploy.0 = Release|ARM
		{FEAAF6D2-BC24-4BA2-8F30-0CE726F1F82E}.Ad-Hoc|iPhone.ActiveCfg = Release|Any CPU
		{FEAAF6D2-BC24-4BA2-8F30-0CE726F1F82E}.Ad-Hoc|iPhoneSimulator.ActiveCfg = Release|Any CPU
		{FEAAF6D2-BC24-4BA2-8F30-0CE726F1F82E}.Ad-Hoc|Mixed Platforms.ActiveCfg = Release|x86
		{FEAAF6D2-BC24-4BA2-8F30-0CE726F1F82E}.Ad-Hoc|Mixed Platforms.Build.0 = Release|x86
		{FEAAF6D2-BC24-4BA2-8F30-0CE726F1F82E}.Ad-Hoc|Mixed Platforms.Deploy.0 = Release|x86
		{FEAAF6D2-BC24-4BA2-8F30-0CE726F1F82E}.Ad-Hoc|x64.ActiveCfg = Release|x64
		{FEAAF6D2-BC24-4BA2-8F30-0CE726F1F82E}.Ad-Hoc|x64.Build.0 = Release|x64
		{FEAAF6D2-BC24-4BA2-8F30-0CE726F1F82E}.Ad-Hoc|x64.Deploy.0 = Release|x64
		{FEAAF6D2-BC24-4BA2-8F30-0CE726F1F82E}.Ad-Hoc|x86.ActiveCfg = Release|x86
		{FEAAF6D2-BC24-4BA2-8F30-0CE726F1F82E}.Ad-Hoc|x86.Build.0 = Release|x86
		{FEAAF6D2-BC24-4BA2-8F30-0CE726F1F82E}.Ad-Hoc|x86.Deploy.0 = Release|x86
		{FEAAF6D2-BC24-4BA2-8F30-0CE726F1F82E}.AppStore|Any CPU.ActiveCfg = Release|Any CPU
		{FEAAF6D2-BC24-4BA2-8F30-0CE726F1F82E}.AppStore|Any CPU.Build.0 = Release|Any CPU
		{FEAAF6D2-BC24-4BA2-8F30-0CE726F1F82E}.AppStore|Any CPU.Deploy.0 = Release|Any CPU
		{FEAAF6D2-BC24-4BA2-8F30-0CE726F1F82E}.AppStore|ARM.ActiveCfg = Release|ARM
		{FEAAF6D2-BC24-4BA2-8F30-0CE726F1F82E}.AppStore|ARM.Build.0 = Release|ARM
		{FEAAF6D2-BC24-4BA2-8F30-0CE726F1F82E}.AppStore|ARM.Deploy.0 = Release|ARM
		{FEAAF6D2-BC24-4BA2-8F30-0CE726F1F82E}.AppStore|iPhone.ActiveCfg = Release|Any CPU
		{FEAAF6D2-BC24-4BA2-8F30-0CE726F1F82E}.AppStore|iPhoneSimulator.ActiveCfg = Release|Any CPU
		{FEAAF6D2-BC24-4BA2-8F30-0CE726F1F82E}.AppStore|Mixed Platforms.ActiveCfg = Release|x86
		{FEAAF6D2-BC24-4BA2-8F30-0CE726F1F82E}.AppStore|Mixed Platforms.Build.0 = Release|x86
		{FEAAF6D2-BC24-4BA2-8F30-0CE726F1F82E}.AppStore|Mixed Platforms.Deploy.0 = Release|x86
		{FEAAF6D2-BC24-4BA2-8F30-0CE726F1F82E}.AppStore|x64.ActiveCfg = Release|x64
		{FEAAF6D2-BC24-4BA2-8F30-0CE726F1F82E}.AppStore|x64.Build.0 = Release|x64
		{FEAAF6D2-BC24-4BA2-8F30-0CE726F1F82E}.AppStore|x64.Deploy.0 = Release|x64
		{FEAAF6D2-BC24-4BA2-8F30-0CE726F1F82E}.AppStore|x86.ActiveCfg = Release|x86
		{FEAAF6D2-BC24-4BA2-8F30-0CE726F1F82E}.AppStore|x86.Build.0 = Release|x86
		{FEAAF6D2-BC24-4BA2-8F30-0CE726F1F82E}.AppStore|x86.Deploy.0 = Release|x86
		{FEAAF6D2-BC24-4BA2-8F30-0CE726F1F82E}.Debug|Any CPU.ActiveCfg = Debug|Any CPU
		{FEAAF6D2-BC24-4BA2-8F30-0CE726F1F82E}.Debug|Any CPU.Build.0 = Debug|Any CPU
		{FEAAF6D2-BC24-4BA2-8F30-0CE726F1F82E}.Debug|Any CPU.Deploy.0 = Debug|Any CPU
		{FEAAF6D2-BC24-4BA2-8F30-0CE726F1F82E}.Debug|ARM.ActiveCfg = Debug|ARM
		{FEAAF6D2-BC24-4BA2-8F30-0CE726F1F82E}.Debug|ARM.Build.0 = Debug|ARM
		{FEAAF6D2-BC24-4BA2-8F30-0CE726F1F82E}.Debug|ARM.Deploy.0 = Debug|ARM
		{FEAAF6D2-BC24-4BA2-8F30-0CE726F1F82E}.Debug|iPhone.ActiveCfg = Debug|Any CPU
		{FEAAF6D2-BC24-4BA2-8F30-0CE726F1F82E}.Debug|iPhoneSimulator.ActiveCfg = Debug|Any CPU
		{FEAAF6D2-BC24-4BA2-8F30-0CE726F1F82E}.Debug|Mixed Platforms.ActiveCfg = Debug|x86
		{FEAAF6D2-BC24-4BA2-8F30-0CE726F1F82E}.Debug|Mixed Platforms.Build.0 = Debug|x86
		{FEAAF6D2-BC24-4BA2-8F30-0CE726F1F82E}.Debug|Mixed Platforms.Deploy.0 = Debug|x86
		{FEAAF6D2-BC24-4BA2-8F30-0CE726F1F82E}.Debug|x64.ActiveCfg = Debug|x64
		{FEAAF6D2-BC24-4BA2-8F30-0CE726F1F82E}.Debug|x64.Build.0 = Debug|x64
		{FEAAF6D2-BC24-4BA2-8F30-0CE726F1F82E}.Debug|x64.Deploy.0 = Debug|x64
		{FEAAF6D2-BC24-4BA2-8F30-0CE726F1F82E}.Debug|x86.ActiveCfg = Debug|x86
		{FEAAF6D2-BC24-4BA2-8F30-0CE726F1F82E}.Debug|x86.Build.0 = Debug|x86
		{FEAAF6D2-BC24-4BA2-8F30-0CE726F1F82E}.Debug|x86.Deploy.0 = Debug|x86
		{FEAAF6D2-BC24-4BA2-8F30-0CE726F1F82E}.Release|Any CPU.ActiveCfg = Release|Any CPU
		{FEAAF6D2-BC24-4BA2-8F30-0CE726F1F82E}.Release|Any CPU.Build.0 = Release|Any CPU
		{FEAAF6D2-BC24-4BA2-8F30-0CE726F1F82E}.Release|Any CPU.Deploy.0 = Release|Any CPU
		{FEAAF6D2-BC24-4BA2-8F30-0CE726F1F82E}.Release|ARM.ActiveCfg = Release|ARM
		{FEAAF6D2-BC24-4BA2-8F30-0CE726F1F82E}.Release|ARM.Build.0 = Release|ARM
		{FEAAF6D2-BC24-4BA2-8F30-0CE726F1F82E}.Release|ARM.Deploy.0 = Release|ARM
		{FEAAF6D2-BC24-4BA2-8F30-0CE726F1F82E}.Release|iPhone.ActiveCfg = Release|Any CPU
		{FEAAF6D2-BC24-4BA2-8F30-0CE726F1F82E}.Release|iPhoneSimulator.ActiveCfg = Release|Any CPU
		{FEAAF6D2-BC24-4BA2-8F30-0CE726F1F82E}.Release|Mixed Platforms.ActiveCfg = Release|x86
		{FEAAF6D2-BC24-4BA2-8F30-0CE726F1F82E}.Release|Mixed Platforms.Build.0 = Release|x86
		{FEAAF6D2-BC24-4BA2-8F30-0CE726F1F82E}.Release|Mixed Platforms.Deploy.0 = Release|x86
		{FEAAF6D2-BC24-4BA2-8F30-0CE726F1F82E}.Release|x64.ActiveCfg = Release|x64
		{FEAAF6D2-BC24-4BA2-8F30-0CE726F1F82E}.Release|x64.Build.0 = Release|x64
		{FEAAF6D2-BC24-4BA2-8F30-0CE726F1F82E}.Release|x64.Deploy.0 = Release|x64
		{FEAAF6D2-BC24-4BA2-8F30-0CE726F1F82E}.Release|x86.ActiveCfg = Release|x86
		{FEAAF6D2-BC24-4BA2-8F30-0CE726F1F82E}.Release|x86.Build.0 = Release|x86
		{FEAAF6D2-BC24-4BA2-8F30-0CE726F1F82E}.Release|x86.Deploy.0 = Release|x86
	EndGlobalSection
	GlobalSection(SolutionProperties) = preSolution
		HideSolutionNode = FALSE
	EndGlobalSection
EndGlobal
